
Microsoft Visual Studio Solution File, Format Version 12.00
# Visual Studio Version 16
VisualStudioVersion = 16.0.30621.155
MinimumVisualStudioVersion = 10.0.40219.1
Project("{9A19103F-16F7-4668-BE54-9A1E7A4F7556}") = "Decoding-Facebook", "Decoding-Facebook\Decoding-Facebook.csproj", "{624E4DBB-9F53-444B-B009-707DDCC42013}"
EndProject
Project("{FAE04EC0-301F-11D3-BF4B-00C04F79EFBC}") = "CSharp-Delegate", "CSharp-Delegate\CSharp-Delegate.csproj", "{1B149F04-5346-48B7-BB20-D969B8EB648C}"
EndProject
Project("{FAE04EC0-301F-11D3-BF4B-00C04F79EFBC}") = "Array", "Array\Array.csproj", "{BB4DF726-E454-4445-9F48-60F86A32DFE0}"
EndProject
Project("{FAE04EC0-301F-11D3-BF4B-00C04F79EFBC}") = "TwoSum", "TwoSum\TwoSum.csproj", "{BED02D36-DD12-46FA-8EC6-8C0483D4443B}"
EndProject
Project("{FAE04EC0-301F-11D3-BF4B-00C04F79EFBC}") = "LCAofBT", "LCAofBT\LCAofBT.csproj", "{0D672F1C-FD55-4D80-A49A-66223000DCF3}"
EndProject
Project("{FAE04EC0-301F-11D3-BF4B-00C04F79EFBC}") = "MaxSubArraySum", "MaxSubArraySum\MaxSubArraySum.csproj", "{B5C646A6-9771-4DFF-A5D0-807F753EC4DD}"
EndProject
Global
	GlobalSection(SolutionConfigurationPlatforms) = preSolution
		Debug|Any CPU = Debug|Any CPU
		Release|Any CPU = Release|Any CPU
	EndGlobalSection
	GlobalSection(ProjectConfigurationPlatforms) = postSolution
		{624E4DBB-9F53-444B-B009-707DDCC42013}.Debug|Any CPU.ActiveCfg = Debug|Any CPU
		{624E4DBB-9F53-444B-B009-707DDCC42013}.Debug|Any CPU.Build.0 = Debug|Any CPU
		{624E4DBB-9F53-444B-B009-707DDCC42013}.Release|Any CPU.ActiveCfg = Release|Any CPU
		{624E4DBB-9F53-444B-B009-707DDCC42013}.Release|Any CPU.Build.0 = Release|Any CPU
		{1B149F04-5346-48B7-BB20-D969B8EB648C}.Debug|Any CPU.ActiveCfg = Debug|Any CPU
		{1B149F04-5346-48B7-BB20-D969B8EB648C}.Debug|Any CPU.Build.0 = Debug|Any CPU
		{1B149F04-5346-48B7-BB20-D969B8EB648C}.Release|Any CPU.ActiveCfg = Release|Any CPU
		{1B149F04-5346-48B7-BB20-D969B8EB648C}.Release|Any CPU.Build.0 = Release|Any CPU
		{BB4DF726-E454-4445-9F48-60F86A32DFE0}.Debug|Any CPU.ActiveCfg = Debug|Any CPU
		{BB4DF726-E454-4445-9F48-60F86A32DFE0}.Debug|Any CPU.Build.0 = Debug|Any CPU
		{BB4DF726-E454-4445-9F48-60F86A32DFE0}.Release|Any CPU.ActiveCfg = Release|Any CPU
		{BB4DF726-E454-4445-9F48-60F86A32DFE0}.Release|Any CPU.Build.0 = Release|Any CPU
		{BED02D36-DD12-46FA-8EC6-8C0483D4443B}.Debug|Any CPU.ActiveCfg = Debug|Any CPU
		{BED02D36-DD12-46FA-8EC6-8C0483D4443B}.Debug|Any CPU.Build.0 = Debug|Any CPU
		{BED02D36-DD12-46FA-8EC6-8C0483D4443B}.Release|Any CPU.ActiveCfg = Release|Any CPU
		{BED02D36-DD12-46FA-8EC6-8C0483D4443B}.Release|Any CPU.Build.0 = Release|Any CPU
		{0D672F1C-FD55-4D80-A49A-66223000DCF3}.Debug|Any CPU.ActiveCfg = Debug|Any CPU
		{0D672F1C-FD55-4D80-A49A-66223000DCF3}.Debug|Any CPU.Build.0 = Debug|Any CPU
		{0D672F1C-FD55-4D80-A49A-66223000DCF3}.Release|Any CPU.ActiveCfg = Release|Any CPU
		{0D672F1C-FD55-4D80-A49A-66223000DCF3}.Release|Any CPU.Build.0 = Release|Any CPU
		{B5C646A6-9771-4DFF-A5D0-807F753EC4DD}.Debug|Any CPU.ActiveCfg = Debug|Any CPU
		{B5C646A6-9771-4DFF-A5D0-807F753EC4DD}.Debug|Any CPU.Build.0 = Debug|Any CPU
		{B5C646A6-9771-4DFF-A5D0-807F753EC4DD}.Release|Any CPU.ActiveCfg = Release|Any CPU
		{B5C646A6-9771-4DFF-A5D0-807F753EC4DD}.Release|Any CPU.Build.0 = Release|Any CPU
	EndGlobalSection
	GlobalSection(SolutionProperties) = preSolution
		HideSolutionNode = FALSE
	EndGlobalSection
	GlobalSection(ExtensibilityGlobals) = postSolution
		SolutionGuid = {68709990-88FB-477B-AE8F-C119C4E9AD49}
	EndGlobalSection
EndGlobal
